
Microsoft Visual Studio Solution File, Format Version 12.00
# Visual Studio Version 17
VisualStudioVersion = 17.10.35013.160
MinimumVisualStudioVersion = 10.0.40219.1
Project("{FAE04EC0-301F-11D3-BF4B-00C04F79EFBC}") = "WebAppSchoolApiClientDemo", "WebAppSchoolApiClientDemo\WebAppSchoolApiClientDemo.csproj", "{18D9C232-A0D7-4A18-8365-554C96C07E1C}"
EndProject
Global
	GlobalSection(SolutionConfigurationPlatforms) = preSolution
		Debug|Any CPU = Debug|Any CPU
		Release|Any CPU = Release|Any CPU
	EndGlobalSection
	GlobalSection(ProjectConfigurationPlatforms) = postSolution
		{18D9C232-A0D7-4A18-8365-554C96C07E1C}.Debug|Any CPU.ActiveCfg = Debug|Any CPU
		{18D9C232-A0D7-4A18-8365-554C96C07E1C}.Debug|Any CPU.Build.0 = Debug|Any CPU
		{18D9C232-A0D7-4A18-8365-554C96C07E1C}.Release|Any CPU.ActiveCfg = Release|Any CPU
		{18D9C232-A0D7-4A18-8365-554C96C07E1C}.Release|Any CPU.Build.0 = Release|Any CPU
	EndGlobalSection
	GlobalSection(SolutionProperties) = preSolution
		HideSolutionNode = FALSE
	EndGlobalSection
	GlobalSection(ExtensibilityGlobals) = postSolution
		SolutionGuid = {B22EF71B-A816-42D9-9FCE-7F215D6D00BC}
	EndGlobalSection
EndGlobal
